// !$*UTF8*$!
{
	archiveVersion = 1;
	classes = {
	};
	objectVersion = 48;
	objects = {

/* Begin PBXBuildFile section */
		1BCF925A1FC5CDD20084EC68 /* AppDelegate.swift in Sources */ = {isa = PBXBuildFile; fileRef = 1BCF92591FC5CDD20084EC68 /* AppDelegate.swift */; };
		1BCF925F1FC5CDD20084EC68 /* Main.storyboard in Resources */ = {isa = PBXBuildFile; fileRef = 1BCF925D1FC5CDD20084EC68 /* Main.storyboard */; };
		1BCF92611FC5CDD20084EC68 /* Assets.xcassets in Resources */ = {isa = PBXBuildFile; fileRef = 1BCF92601FC5CDD20084EC68 /* Assets.xcassets */; };
		1BCF92641FC5CDD20084EC68 /* LaunchScreen.storyboard in Resources */ = {isa = PBXBuildFile; fileRef = 1BCF92621FC5CDD20084EC68 /* LaunchScreen.storyboard */; };
		1BCF926F1FC5CDD20084EC68 /* NewTransitionPrototypeBaseTests.swift in Sources */ = {isa = PBXBuildFile; fileRef = 1BCF926E1FC5CDD20084EC68 /* NewTransitionPrototypeBaseTests.swift */; };
		1BCF927A1FC5CDF50084EC68 /* Images.xcassets in Resources */ = {isa = PBXBuildFile; fileRef = 1BCF92791FC5CDF50084EC68 /* Images.xcassets */; };
		1BCF927C1FC5D9D00084EC68 /* ListOfCampaignsViewController.swift in Sources */ = {isa = PBXBuildFile; fileRef = 1BCF927B1FC5D9D00084EC68 /* ListOfCampaignsViewController.swift */; };
		1BCF927E1FC5D9EC0084EC68 /* CampaignViewController.swift in Sources */ = {isa = PBXBuildFile; fileRef = 1BCF927D1FC5D9EC0084EC68 /* CampaignViewController.swift */; };
		1BCF92841FC5DA1D0084EC68 /* ProductViewController.swift in Sources */ = {isa = PBXBuildFile; fileRef = 1BCF92831FC5DA1D0084EC68 /* ProductViewController.swift */; };
		1BCF92861FC5DDD20084EC68 /* CampaignViewCell.swift in Sources */ = {isa = PBXBuildFile; fileRef = 1BCF92851FC5DDD20084EC68 /* CampaignViewCell.swift */; };
		1BCF92881FC5DDE00084EC68 /* ProductViewCell.swift in Sources */ = {isa = PBXBuildFile; fileRef = 1BCF92871FC5DDE00084EC68 /* ProductViewCell.swift */; };
		1BCF928C1FC6DFEE0084EC68 /* CampaignHeaderView.swift in Sources */ = {isa = PBXBuildFile; fileRef = 1BCF928B1FC6DFEE0084EC68 /* CampaignHeaderView.swift */; };
		1F2DA3A461EF4276458179BF /* Pods_NewTransitionPrototypeBase.framework in Frameworks */ = {isa = PBXBuildFile; fileRef = 07BC446D4D28455746B7FD9D /* Pods_NewTransitionPrototypeBase.framework */; };
/* End PBXBuildFile section */

/* Begin PBXContainerItemProxy section */
		1BCF926B1FC5CDD20084EC68 /* PBXContainerItemProxy */ = {
			isa = PBXContainerItemProxy;
			containerPortal = 1BCF924E1FC5CDD20084EC68 /* Project object */;
			proxyType = 1;
			remoteGlobalIDString = 1BCF92551FC5CDD20084EC68;
			remoteInfo = NewTransitionPrototypeBase;
		};
/* End PBXContainerItemProxy section */

/* Begin PBXFileReference section */
		07BC446D4D28455746B7FD9D /* Pods_NewTransitionPrototypeBase.framework */ = {isa = PBXFileReference; explicitFileType = wrapper.framework; includeInIndex = 0; path = Pods_NewTransitionPrototypeBase.framework; sourceTree = BUILT_PRODUCTS_DIR; };
		1BCF92561FC5CDD20084EC68 /* NewTransitionPrototypeBase.app */ = {isa = PBXFileReference; explicitFileType = wrapper.application; includeInIndex = 0; path = NewTransitionPrototypeBase.app; sourceTree = BUILT_PRODUCTS_DIR; };
		1BCF92591FC5CDD20084EC68 /* AppDelegate.swift */ = {isa = PBXFileReference; lastKnownFileType = sourcecode.swift; path = AppDelegate.swift; sourceTree = "<group>"; };
		1BCF925E1FC5CDD20084EC68 /* Base */ = {isa = PBXFileReference; lastKnownFileType = file.storyboard; name = Base; path = Base.lproj/Main.storyboard; sourceTree = "<group>"; };
		1BCF92601FC5CDD20084EC68 /* Assets.xcassets */ = {isa = PBXFileReference; lastKnownFileType = folder.assetcatalog; path = Assets.xcassets; sourceTree = "<group>"; };
		1BCF92631FC5CDD20084EC68 /* Base */ = {isa = PBXFileReference; lastKnownFileType = file.storyboard; name = Base; path = Base.lproj/LaunchScreen.storyboard; sourceTree = "<group>"; };
		1BCF92651FC5CDD20084EC68 /* Info.plist */ = {isa = PBXFileReference; lastKnownFileType = text.plist.xml; path = Info.plist; sourceTree = "<group>"; };
		1BCF926A1FC5CDD20084EC68 /* NewTransitionPrototypeBaseTests.xctest */ = {isa = PBXFileReference; explicitFileType = wrapper.cfbundle; includeInIndex = 0; path = NewTransitionPrototypeBaseTests.xctest; sourceTree = BUILT_PRODUCTS_DIR; };
		1BCF926E1FC5CDD20084EC68 /* NewTransitionPrototypeBaseTests.swift */ = {isa = PBXFileReference; lastKnownFileType = sourcecode.swift; path = NewTransitionPrototypeBaseTests.swift; sourceTree = "<group>"; };
		1BCF92701FC5CDD20084EC68 /* Info.plist */ = {isa = PBXFileReference; lastKnownFileType = text.plist.xml; path = Info.plist; sourceTree = "<group>"; };
		1BCF92791FC5CDF50084EC68 /* Images.xcassets */ = {isa = PBXFileReference; lastKnownFileType = folder.assetcatalog; path = Images.xcassets; sourceTree = "<group>"; };
		1BCF927B1FC5D9D00084EC68 /* ListOfCampaignsViewController.swift */ = {isa = PBXFileReference; lastKnownFileType = sourcecode.swift; path = ListOfCampaignsViewController.swift; sourceTree = "<group>"; };
		1BCF927D1FC5D9EC0084EC68 /* CampaignViewController.swift */ = {isa = PBXFileReference; lastKnownFileType = sourcecode.swift; path = CampaignViewController.swift; sourceTree = "<group>"; };
		1BCF92831FC5DA1D0084EC68 /* ProductViewController.swift */ = {isa = PBXFileReference; lastKnownFileType = sourcecode.swift; path = ProductViewController.swift; sourceTree = "<group>"; };
		1BCF92851FC5DDD20084EC68 /* CampaignViewCell.swift */ = {isa = PBXFileReference; lastKnownFileType = sourcecode.swift; path = CampaignViewCell.swift; sourceTree = "<group>"; };
		1BCF92871FC5DDE00084EC68 /* ProductViewCell.swift */ = {isa = PBXFileReference; lastKnownFileType = sourcecode.swift; path = ProductViewCell.swift; sourceTree = "<group>"; };
		1BCF928B1FC6DFEE0084EC68 /* CampaignHeaderView.swift */ = {isa = PBXFileReference; lastKnownFileType = sourcecode.swift; path = CampaignHeaderView.swift; sourceTree = "<group>"; };
		B939CAE4C5688C98261C8B75 /* Pods_NewTransitionPrototypeBaseTests.framework */ = {isa = PBXFileReference; explicitFileType = wrapper.framework; includeInIndex = 0; path = Pods_NewTransitionPrototypeBaseTests.framework; sourceTree = BUILT_PRODUCTS_DIR; };
		C99C54C839FB3CBAFFB03493 /* Pods-NewTransitionPrototypeBase.release.xcconfig */ = {isa = PBXFileReference; includeInIndex = 1; lastKnownFileType = text.xcconfig; name = "Pods-NewTransitionPrototypeBase.release.xcconfig"; path = "Pods/Target Support Files/Pods-NewTransitionPrototypeBase/Pods-NewTransitionPrototypeBase.release.xcconfig"; sourceTree = "<group>"; };
		E76FC6A8D6242BF4813E8385 /* Pods-NewTransitionPrototypeBase.debug.xcconfig */ = {isa = PBXFileReference; includeInIndex = 1; lastKnownFileType = text.xcconfig; name = "Pods-NewTransitionPrototypeBase.debug.xcconfig"; path = "Pods/Target Support Files/Pods-NewTransitionPrototypeBase/Pods-NewTransitionPrototypeBase.debug.xcconfig"; sourceTree = "<group>"; };
/* End PBXFileReference section */

/* Begin PBXFrameworksBuildPhase section */
		1BCF92531FC5CDD20084EC68 /* Frameworks */ = {
			isa = PBXFrameworksBuildPhase;
			buildActionMask = 2147483647;
			files = (
				1F2DA3A461EF4276458179BF /* Pods_NewTransitionPrototypeBase.framework in Frameworks */,
			);
			runOnlyForDeploymentPostprocessing = 0;
		};
		1BCF92671FC5CDD20084EC68 /* Frameworks */ = {
			isa = PBXFrameworksBuildPhase;
			buildActionMask = 2147483647;
			files = (
			);
			runOnlyForDeploymentPostprocessing = 0;
		};
/* End PBXFrameworksBuildPhase section */

/* Begin PBXGroup section */
		1BCF924D1FC5CDD20084EC68 = {
			isa = PBXGroup;
			children = (
				1BCF92581FC5CDD20084EC68 /* NewTransitionPrototypeBase */,
				1BCF926D1FC5CDD20084EC68 /* NewTransitionPrototypeBaseTests */,
				1BCF92571FC5CDD20084EC68 /* Products */,
				B8503ABCCA643CED24709C88 /* Pods */,
				ADC54034541496FAC0D56A72 /* Frameworks */,
			);
			sourceTree = "<group>";
		};
		1BCF92571FC5CDD20084EC68 /* Products */ = {
			isa = PBXGroup;
			children = (
				1BCF92561FC5CDD20084EC68 /* NewTransitionPrototypeBase.app */,
				1BCF926A1FC5CDD20084EC68 /* NewTransitionPrototypeBaseTests.xctest */,
			);
			name = Products;
			sourceTree = "<group>";
		};
		1BCF92581FC5CDD20084EC68 /* NewTransitionPrototypeBase */ = {
			isa = PBXGroup;
			children = (
				1BCF92591FC5CDD20084EC68 /* AppDelegate.swift */,
				1BCF92601FC5CDD20084EC68 /* Assets.xcassets */,
				1BCF928B1FC6DFEE0084EC68 /* CampaignHeaderView.swift */,
				1BCF92851FC5DDD20084EC68 /* CampaignViewCell.swift */,
				1BCF927D1FC5D9EC0084EC68 /* CampaignViewController.swift */,
				1BCF92791FC5CDF50084EC68 /* Images.xcassets */,
				1BCF92651FC5CDD20084EC68 /* Info.plist */,
				1BCF92621FC5CDD20084EC68 /* LaunchScreen.storyboard */,
				1BCF927B1FC5D9D00084EC68 /* ListOfCampaignsViewController.swift */,
				1BCF925D1FC5CDD20084EC68 /* Main.storyboard */,
				1BCF92871FC5DDE00084EC68 /* ProductViewCell.swift */,
				1BCF92831FC5DA1D0084EC68 /* ProductViewController.swift */,
			);
			path = NewTransitionPrototypeBase;
			sourceTree = "<group>";
		};
		1BCF926D1FC5CDD20084EC68 /* NewTransitionPrototypeBaseTests */ = {
			isa = PBXGroup;
			children = (
				1BCF926E1FC5CDD20084EC68 /* NewTransitionPrototypeBaseTests.swift */,
				1BCF92701FC5CDD20084EC68 /* Info.plist */,
			);
			path = NewTransitionPrototypeBaseTests;
			sourceTree = "<group>";
		};
		ADC54034541496FAC0D56A72 /* Frameworks */ = {
			isa = PBXGroup;
			children = (
				07BC446D4D28455746B7FD9D /* Pods_NewTransitionPrototypeBase.framework */,
				B939CAE4C5688C98261C8B75 /* Pods_NewTransitionPrototypeBaseTests.framework */,
			);
			name = Frameworks;
			sourceTree = "<group>";
		};
		B8503ABCCA643CED24709C88 /* Pods */ = {
			isa = PBXGroup;
			children = (
				E76FC6A8D6242BF4813E8385 /* Pods-NewTransitionPrototypeBase.debug.xcconfig */,
				C99C54C839FB3CBAFFB03493 /* Pods-NewTransitionPrototypeBase.release.xcconfig */,
			);
			name = Pods;
			sourceTree = "<group>";
		};
/* End PBXGroup section */

/* Begin PBXNativeTarget section */
		1BCF92551FC5CDD20084EC68 /* NewTransitionPrototypeBase */ = {
			isa = PBXNativeTarget;
			buildConfigurationList = 1BCF92731FC5CDD20084EC68 /* Build configuration list for PBXNativeTarget "NewTransitionPrototypeBase" */;
			buildPhases = (
				2D2965E6172786C5393A0F5E /* [CP] Check Pods Manifest.lock */,
				1BCF92521FC5CDD20084EC68 /* Sources */,
				1BCF92531FC5CDD20084EC68 /* Frameworks */,
				1BCF92541FC5CDD20084EC68 /* Resources */,
				9E6B428C865EE238015DFB06 /* [CP] Embed Pods Frameworks */,
				20E35B69ACD4F86303AF8E9E /* [CP] Copy Pods Resources */,
			);
			buildRules = (
			);
			dependencies = (
			);
			name = NewTransitionPrototypeBase;
			productName = NewTransitionPrototypeBase;
			productReference = 1BCF92561FC5CDD20084EC68 /* NewTransitionPrototypeBase.app */;
			productType = "com.apple.product-type.application";
		};
		1BCF92691FC5CDD20084EC68 /* NewTransitionPrototypeBaseTests */ = {
			isa = PBXNativeTarget;
			buildConfigurationList = 1BCF92761FC5CDD20084EC68 /* Build configuration list for PBXNativeTarget "NewTransitionPrototypeBaseTests" */;
			buildPhases = (
				1BCF92661FC5CDD20084EC68 /* Sources */,
				1BCF92671FC5CDD20084EC68 /* Frameworks */,
				1BCF92681FC5CDD20084EC68 /* Resources */,
			);
			buildRules = (
			);
			dependencies = (
				1BCF926C1FC5CDD20084EC68 /* PBXTargetDependency */,
			);
			name = NewTransitionPrototypeBaseTests;
			productName = NewTransitionPrototypeBaseTests;
			productReference = 1BCF926A1FC5CDD20084EC68 /* NewTransitionPrototypeBaseTests.xctest */;
			productType = "com.apple.product-type.bundle.unit-test";
		};
/* End PBXNativeTarget section */

/* Begin PBXProject section */
		1BCF924E1FC5CDD20084EC68 /* Project object */ = {
			isa = PBXProject;
			attributes = {
				LastSwiftUpdateCheck = 0910;
				LastUpgradeCheck = 0910;
				ORGANIZATIONNAME = "Luisa Cruz";
				TargetAttributes = {
					1BCF92551FC5CDD20084EC68 = {
						CreatedOnToolsVersion = 9.1;
						ProvisioningStyle = Automatic;
					};
					1BCF92691FC5CDD20084EC68 = {
						CreatedOnToolsVersion = 9.1;
						ProvisioningStyle = Automatic;
						TestTargetID = 1BCF92551FC5CDD20084EC68;
					};
				};
			};
			buildConfigurationList = 1BCF92511FC5CDD20084EC68 /* Build configuration list for PBXProject "NewTransitionPrototypeBase" */;
			compatibilityVersion = "Xcode 8.0";
			developmentRegion = en;
			hasScannedForEncodings = 0;
			knownRegions = (
				en,
				Base,
			);
			mainGroup = 1BCF924D1FC5CDD20084EC68;
			productRefGroup = 1BCF92571FC5CDD20084EC68 /* Products */;
			projectDirPath = "";
			projectRoot = "";
			targets = (
				1BCF92551FC5CDD20084EC68 /* NewTransitionPrototypeBase */,
				1BCF92691FC5CDD20084EC68 /* NewTransitionPrototypeBaseTests */,
			);
		};
/* End PBXProject section */

/* Begin PBXResourcesBuildPhase section */
		1BCF92541FC5CDD20084EC68 /* Resources */ = {
			isa = PBXResourcesBuildPhase;
			buildActionMask = 2147483647;
			files = (
				1BCF92641FC5CDD20084EC68 /* LaunchScreen.storyboard in Resources */,
				1BCF927A1FC5CDF50084EC68 /* Images.xcassets in Resources */,
				1BCF92611FC5CDD20084EC68 /* Assets.xcassets in Resources */,
				1BCF925F1FC5CDD20084EC68 /* Main.storyboard in Resources */,
			);
			runOnlyForDeploymentPostprocessing = 0;
		};
		1BCF92681FC5CDD20084EC68 /* Resources */ = {
			isa = PBXResourcesBuildPhase;
			buildActionMask = 2147483647;
			files = (
			);
			runOnlyForDeploymentPostprocessing = 0;
		};
/* End PBXResourcesBuildPhase section */

/* Begin PBXShellScriptBuildPhase section */
		20E35B69ACD4F86303AF8E9E /* [CP] Copy Pods Resources */ = {
			isa = PBXShellScriptBuildPhase;
			buildActionMask = 2147483647;
			files = (
			);
			inputPaths = (
			);
			name = "[CP] Copy Pods Resources";
			outputPaths = (
			);
			runOnlyForDeploymentPostprocessing = 0;
			shellPath = /bin/sh;
			shellScript = "\"${SRCROOT}/Pods/Target Support Files/Pods-NewTransitionPrototypeBase/Pods-NewTransitionPrototypeBase-resources.sh\"\n";
			showEnvVarsInLog = 0;
		};
		2D2965E6172786C5393A0F5E /* [CP] Check Pods Manifest.lock */ = {
			isa = PBXShellScriptBuildPhase;
			buildActionMask = 2147483647;
			files = (
			);
			inputPaths = (
				"${PODS_PODFILE_DIR_PATH}/Podfile.lock",
				"${PODS_ROOT}/Manifest.lock",
			);
			name = "[CP] Check Pods Manifest.lock";
			outputPaths = (
				"$(DERIVED_FILE_DIR)/Pods-NewTransitionPrototypeBase-checkManifestLockResult.txt",
			);
			runOnlyForDeploymentPostprocessing = 0;
			shellPath = /bin/sh;
			shellScript = "diff \"${PODS_PODFILE_DIR_PATH}/Podfile.lock\" \"${PODS_ROOT}/Manifest.lock\" > /dev/null\nif [ $? != 0 ] ; then\n    # print error to STDERR\n    echo \"error: The sandbox is not in sync with the Podfile.lock. Run 'pod install' or update your CocoaPods installation.\" >&2\n    exit 1\nfi\n# This output is used by Xcode 'outputs' to avoid re-running this script phase.\necho \"SUCCESS\" > \"${SCRIPT_OUTPUT_FILE_0}\"\n";
			showEnvVarsInLog = 0;
		};
		9E6B428C865EE238015DFB06 /* [CP] Embed Pods Frameworks */ = {
			isa = PBXShellScriptBuildPhase;
			buildActionMask = 2147483647;
			files = (
			);
			inputPaths = (
				"${SRCROOT}/Pods/Target Support Files/Pods-NewTransitionPrototypeBase/Pods-NewTransitionPrototypeBase-frameworks.sh",
				"${BUILT_PRODUCTS_DIR}/Hero/Hero.framework",
			);
			name = "[CP] Embed Pods Frameworks";
			outputPaths = (
				"${TARGET_BUILD_DIR}/${FRAMEWORKS_FOLDER_PATH}/Hero.framework",
			);
			runOnlyForDeploymentPostprocessing = 0;
			shellPath = /bin/sh;
			shellScript = "\"${SRCROOT}/Pods/Target Support Files/Pods-NewTransitionPrototypeBase/Pods-NewTransitionPrototypeBase-frameworks.sh\"\n";
			showEnvVarsInLog = 0;
		};
/* End PBXShellScriptBuildPhase section */

/* Begin PBXSourcesBuildPhase section */
		1BCF92521FC5CDD20084EC68 /* Sources */ = {
			isa = PBXSourcesBuildPhase;
			buildActionMask = 2147483647;
			files = (
				1BCF92881FC5DDE00084EC68 /* ProductViewCell.swift in Sources */,
				1BCF927E1FC5D9EC0084EC68 /* CampaignViewController.swift in Sources */,
				1BCF92861FC5DDD20084EC68 /* CampaignViewCell.swift in Sources */,
				1BCF927C1FC5D9D00084EC68 /* ListOfCampaignsViewController.swift in Sources */,
				1BCF925A1FC5CDD20084EC68 /* AppDelegate.swift in Sources */,
				1BCF92841FC5DA1D0084EC68 /* ProductViewController.swift in Sources */,
				1BCF928C1FC6DFEE0084EC68 /* CampaignHeaderView.swift in Sources */,
			);
			runOnlyForDeploymentPostprocessing = 0;
		};
		1BCF92661FC5CDD20084EC68 /* Sources */ = {
			isa = PBXSourcesBuildPhase;
			buildActionMask = 2147483647;
			files = (
				1BCF926F1FC5CDD20084EC68 /* NewTransitionPrototypeBaseTests.swift in Sources */,
			);
			runOnlyForDeploymentPostprocessing = 0;
		};
/* End PBXSourcesBuildPhase section */

/* Begin PBXTargetDependency section */
		1BCF926C1FC5CDD20084EC68 /* PBXTargetDependency */ = {
			isa = PBXTargetDependency;
			target = 1BCF92551FC5CDD20084EC68 /* NewTransitionPrototypeBase */;
			targetProxy = 1BCF926B1FC5CDD20084EC68 /* PBXContainerItemProxy */;
		};
/* End PBXTargetDependency section */

/* Begin PBXVariantGroup section */
		1BCF925D1FC5CDD20084EC68 /* Main.storyboard */ = {
			isa = PBXVariantGroup;
			children = (
				1BCF925E1FC5CDD20084EC68 /* Base */,
			);
			name = Main.storyboard;
			sourceTree = "<group>";
		};
		1BCF92621FC5CDD20084EC68 /* LaunchScreen.storyboard */ = {
			isa = PBXVariantGroup;
			children = (
				1BCF92631FC5CDD20084EC68 /* Base */,
			);
			name = LaunchScreen.storyboard;
			sourceTree = "<group>";
		};
/* End PBXVariantGroup section */

/* Begin XCBuildConfiguration section */
		1BCF92711FC5CDD20084EC68 /* Debug */ = {
			isa = XCBuildConfiguration;
			buildSettings = {
				ALWAYS_SEARCH_USER_PATHS = NO;
				CLANG_ANALYZER_NONNULL = YES;
				CLANG_ANALYZER_NUMBER_OBJECT_CONVERSION = YES_AGGRESSIVE;
				CLANG_CXX_LANGUAGE_STANDARD = "gnu++14";
				CLANG_CXX_LIBRARY = "libc++";
				CLANG_ENABLE_MODULES = YES;
				CLANG_ENABLE_OBJC_ARC = YES;
				CLANG_WARN_BLOCK_CAPTURE_AUTORELEASING = YES;
				CLANG_WARN_BOOL_CONVERSION = YES;
				CLANG_WARN_COMMA = YES;
				CLANG_WARN_CONSTANT_CONVERSION = YES;
				CLANG_WARN_DIRECT_OBJC_ISA_USAGE = YES_ERROR;
				CLANG_WARN_DOCUMENTATION_COMMENTS = YES;
				CLANG_WARN_EMPTY_BODY = YES;
				CLANG_WARN_ENUM_CONVERSION = YES;
				CLANG_WARN_INFINITE_RECURSION = YES;
				CLANG_WARN_INT_CONVERSION = YES;
				CLANG_WARN_NON_LITERAL_NULL_CONVERSION = YES;
				CLANG_WARN_OBJC_LITERAL_CONVERSION = YES;
				CLANG_WARN_OBJC_ROOT_CLASS = YES_ERROR;
				CLANG_WARN_RANGE_LOOP_ANALYSIS = YES;
				CLANG_WARN_STRICT_PROTOTYPES = YES;
				CLANG_WARN_SUSPICIOUS_MOVE = YES;
				CLANG_WARN_UNGUARDED_AVAILABILITY = YES_AGGRESSIVE;
				CLANG_WARN_UNREACHABLE_CODE = YES;
				CLANG_WARN__DUPLICATE_METHOD_MATCH = YES;
				CODE_SIGN_IDENTITY = "iPhone Developer";
				COPY_PHASE_STRIP = NO;
				DEBUG_INFORMATION_FORMAT = dwarf;
				ENABLE_STRICT_OBJC_MSGSEND = YES;
				ENABLE_TESTABILITY = YES;
				GCC_C_LANGUAGE_STANDARD = gnu11;
				GCC_DYNAMIC_NO_PIC = NO;
				GCC_NO_COMMON_BLOCKS = YES;
				GCC_OPTIMIZATION_LEVEL = 0;
				GCC_PREPROCESSOR_DEFINITIONS = (
					"DEBUG=1",
					"$(inherited)",
				);
				GCC_WARN_64_TO_32_BIT_CONVERSION = YES;
				GCC_WARN_ABOUT_RETURN_TYPE = YES_ERROR;
				GCC_WARN_UNDECLARED_SELECTOR = YES;
				GCC_WARN_UNINITIALIZED_AUTOS = YES_AGGRESSIVE;
				GCC_WARN_UNUSED_FUNCTION = YES;
				GCC_WARN_UNUSED_VARIABLE = YES;
				IPHONEOS_DEPLOYMENT_TARGET = 10.0;
				MTL_ENABLE_DEBUG_INFO = YES;
				ONLY_ACTIVE_ARCH = YES;
				SDKROOT = iphoneos;
				SWIFT_ACTIVE_COMPILATION_CONDITIONS = DEBUG;
				SWIFT_OPTIMIZATION_LEVEL = "-Onone";
			};
			name = Debug;
		};
		1BCF92721FC5CDD20084EC68 /* Release */ = {
			isa = XCBuildConfiguration;
			buildSettings = {
				ALWAYS_SEARCH_USER_PATHS = NO;
				CLANG_ANALYZER_NONNULL = YES;
				CLANG_ANALYZER_NUMBER_OBJECT_CONVERSION = YES_AGGRESSIVE;
				CLANG_CXX_LANGUAGE_STANDARD = "gnu++14";
				CLANG_CXX_LIBRARY = "libc++";
				CLANG_ENABLE_MODULES = YES;
				CLANG_ENABLE_OBJC_ARC = YES;
				CLANG_WARN_BLOCK_CAPTURE_AUTORELEASING = YES;
				CLANG_WARN_BOOL_CONVERSION = YES;
				CLANG_WARN_COMMA = YES;
				CLANG_WARN_CONSTANT_CONVERSION = YES;
				CLANG_WARN_DIRECT_OBJC_ISA_USAGE = YES_ERROR;
				CLANG_WARN_DOCUMENTATION_COMMENTS = YES;
				CLANG_WARN_EMPTY_BODY = YES;
				CLANG_WARN_ENUM_CONVERSION = YES;
				CLANG_WARN_INFINITE_RECURSION = YES;
				CLANG_WARN_INT_CONVERSION = YES;
				CLANG_WARN_NON_LITERAL_NULL_CONVERSION = YES;
				CLANG_WARN_OBJC_LITERAL_CONVERSION = YES;
				CLANG_WARN_OBJC_ROOT_CLASS = YES_ERROR;
				CLANG_WARN_RANGE_LOOP_ANALYSIS = YES;
				CLANG_WARN_STRICT_PROTOTYPES = YES;
				CLANG_WARN_SUSPICIOUS_MOVE = YES;
				CLANG_WARN_UNGUARDED_AVAILABILITY = YES_AGGRESSIVE;
				CLANG_WARN_UNREACHABLE_CODE = YES;
				CLANG_WARN__DUPLICATE_METHOD_MATCH = YES;
				CODE_SIGN_IDENTITY = "iPhone Developer";
				COPY_PHASE_STRIP = NO;
				DEBUG_INFORMATION_FORMAT = "dwarf-with-dsym";
				ENABLE_NS_ASSERTIONS = NO;
				ENABLE_STRICT_OBJC_MSGSEND = YES;
				GCC_C_LANGUAGE_STANDARD = gnu11;
				GCC_NO_COMMON_BLOCKS = YES;
				GCC_WARN_64_TO_32_BIT_CONVERSION = YES;
				GCC_WARN_ABOUT_RETURN_TYPE = YES_ERROR;
				GCC_WARN_UNDECLARED_SELECTOR = YES;
				GCC_WARN_UNINITIALIZED_AUTOS = YES_AGGRESSIVE;
				GCC_WARN_UNUSED_FUNCTION = YES;
				GCC_WARN_UNUSED_VARIABLE = YES;
				IPHONEOS_DEPLOYMENT_TARGET = 10.0;
				MTL_ENABLE_DEBUG_INFO = NO;
				SDKROOT = iphoneos;
				SWIFT_OPTIMIZATION_LEVEL = "-Owholemodule";
				VALIDATE_PRODUCT = YES;
			};
			name = Release;
		};
		1BCF92741FC5CDD20084EC68 /* Debug */ = {
			isa = XCBuildConfiguration;
			baseConfigurationReference = E76FC6A8D6242BF4813E8385 /* Pods-NewTransitionPrototypeBase.debug.xcconfig */;
			buildSettings = {
				ASSETCATALOG_COMPILER_APPICON_NAME = AppIcon;
				CODE_SIGN_STYLE = Automatic;
				DEVELOPMENT_TEAM = L2VXMS97EC;
				INFOPLIST_FILE = NewTransitionPrototypeBase/Info.plist;
				LD_RUNPATH_SEARCH_PATHS = "$(inherited) @executable_path/Frameworks";
				PRODUCT_BUNDLE_IDENTIFIER = com.luisakruz.ModalExample.NewTransitionPrototypeBase;
				PRODUCT_NAME = "$(TARGET_NAME)";
				SWIFT_VERSION = 3.0;
				TARGETED_DEVICE_FAMILY = "1,2";
			};
			name = Debug;
		};
		1BCF92751FC5CDD20084EC68 /* Release */ = {
			isa = XCBuildConfiguration;
			baseConfigurationReference = C99C54C839FB3CBAFFB03493 /* Pods-NewTransitionPrototypeBase.release.xcconfig */;
			buildSettings = {
				ASSETCATALOG_COMPILER_APPICON_NAME = AppIcon;
				CODE_SIGN_STYLE = Automatic;
				DEVELOPMENT_TEAM = L2VXMS97EC;
				INFOPLIST_FILE = NewTransitionPrototypeBase/Info.plist;
				LD_RUNPATH_SEARCH_PATHS = "$(inherited) @executable_path/Frameworks";
				PRODUCT_BUNDLE_IDENTIFIER = com.luisakruz.ModalExample.NewTransitionPrototypeBase;
				PRODUCT_NAME = "$(TARGET_NAME)";
				SWIFT_VERSION = 3.0;
				TARGETED_DEVICE_FAMILY = "1,2";
			};
			name = Release;
		};
		1BCF92771FC5CDD20084EC68 /* Debug */ = {
			isa = XCBuildConfiguration;
			buildSettings = {
				ALWAYS_EMBED_SWIFT_STANDARD_LIBRARIES = YES;
				BUNDLE_LOADER = "$(TEST_HOST)";
				CODE_SIGN_STYLE = Automatic;
				INFOPLIST_FILE = NewTransitionPrototypeBaseTests/Info.plist;
				LD_RUNPATH_SEARCH_PATHS = "$(inherited) @executable_path/Frameworks @loader_path/Frameworks";
				PRODUCT_BUNDLE_IDENTIFIER = com.luisakruz.ModalExample.NewTransitionPrototypeBaseTests;
				PRODUCT_NAME = "$(TARGET_NAME)";
				SWIFT_VERSION = 4.0;
				TARGETED_DEVICE_FAMILY = "1,2";
				TEST_HOST = "$(BUILT_PRODUCTS_DIR)/NewTransitionPrototypeBase.app/NewTransitionPrototypeBase";
			};
			name = Debug;
		};
		1BCF92781FC5CDD20084EC68 /* Release */ = {
			isa = XCBuildConfiguration;
			buildSettings = {
				ALWAYS_EMBED_SWIFT_STANDARD_LIBRARIES = YES;
				BUNDLE_LOADER = "$(TEST_HOST)";
				CODE_SIGN_STYLE = Automatic;
				INFOPLIST_FILE = NewTransitionPrototypeBaseTests/Info.plist;
				LD_RUNPATH_SEARCH_PATHS = "$(inherited) @executable_path/Frameworks @loader_path/Frameworks";
				PRODUCT_BUNDLE_IDENTIFIER = com.luisakruz.ModalExample.NewTransitionPrototypeBaseTests;
				PRODUCT_NAME = "$(TARGET_NAME)";
				SWIFT_VERSION = 4.0;
				TARGETED_DEVICE_FAMILY = "1,2";
				TEST_HOST = "$(BUILT_PRODUCTS_DIR)/NewTransitionPrototypeBase.app/NewTransitionPrototypeBase";
			};
			name = Release;
		};
/* End XCBuildConfiguration section */

/* Begin XCConfigurationList section */
		1BCF92511FC5CDD20084EC68 /* Build configuration list for PBXProject "NewTransitionPrototypeBase" */ = {
			isa = XCConfigurationList;
			buildConfigurations = (
				1BCF92711FC5CDD20084EC68 /* Debug */,
				1BCF92721FC5CDD20084EC68 /* Release */,
			);
			defaultConfigurationIsVisible = 0;
			defaultConfigurationName = Release;
		};
		1BCF92731FC5CDD20084EC68 /* Build configuration list for PBXNativeTarget "NewTransitionPrototypeBase" */ = {
			isa = XCConfigurationList;
			buildConfigurations = (
				1BCF92741FC5CDD20084EC68 /* Debug */,
				1BCF92751FC5CDD20084EC68 /* Release */,
			);
			defaultConfigurationIsVisible = 0;
			defaultConfigurationName = Release;
		};
		1BCF92761FC5CDD20084EC68 /* Build configuration list for PBXNativeTarget "NewTransitionPrototypeBaseTests" */ = {
			isa = XCConfigurationList;
			buildConfigurations = (
				1BCF92771FC5CDD20084EC68 /* Debug */,
				1BCF92781FC5CDD20084EC68 /* Release */,
			);
			defaultConfigurationIsVisible = 0;
			defaultConfigurationName = Release;
		};
/* End XCConfigurationList section */
	};
	rootObject = 1BCF924E1FC5CDD20084EC68 /* Project object */;
}
